
Microsoft Visual Studio Solution File, Format Version 12.00
# Visual Studio Version 16
VisualStudioVersion = 16.0.33423.256
MinimumVisualStudioVersion = 10.0.40219.1
Project("{FAE04EC0-301F-11D3-BF4B-00C04F79EFBC}") = "chess_engine_cs", "chess_engine_cs.csproj", "{A390DC11-8345-4D48-9B7D-A7A56B69F9A3}"
EndProject
Global
	GlobalSection(SolutionConfigurationPlatforms) = preSolution
		Debug|Any CPU = Debug|Any CPU
		Release|Any CPU = Release|Any CPU
	EndGlobalSection
	GlobalSection(ProjectConfigurationPlatforms) = postSolution
		{A390DC11-8345-4D48-9B7D-A7A56B69F9A3}.Debug|Any CPU.ActiveCfg = Debug|Any CPU
		{A390DC11-8345-4D48-9B7D-A7A56B69F9A3}.Debug|Any CPU.Build.0 = Debug|Any CPU
		{A390DC11-8345-4D48-9B7D-A7A56B69F9A3}.Release|Any CPU.ActiveCfg = Release|Any CPU
		{A390DC11-8345-4D48-9B7D-A7A56B69F9A3}.Release|Any CPU.Build.0 = Release|Any CPU
	EndGlobalSection
	GlobalSection(SolutionProperties) = preSolution
		HideSolutionNode = FALSE
	EndGlobalSection
	GlobalSection(ExtensibilityGlobals) = postSolution
		SolutionGuid = {52CB686F-F04A-4A3F-AE7B-EB167CA26A34}
	EndGlobalSection
EndGlobal
